
Microsoft Visual Studio Solution File, Format Version 12.00
# Visual Studio 15
VisualStudioVersion = 15.0.28307.1800
MinimumVisualStudioVersion = 10.0.40219.1
Project("{FAE04EC0-301F-11D3-BF4B-00C04F79EFBC}") = "DogHub", "DogHub\DogHub.csproj", "{52547C89-823B-46DC-84B1-CEC6D38393D7}"
EndProject
Project("{FAE04EC0-301F-11D3-BF4B-00C04F79EFBC}") = "DogHubAPI", "DogHubAPI\DogHubAPI.csproj", "{4E8C689F-27F7-4C79-B40E-29A50624519F}"
EndProject
Global
	GlobalSection(SolutionConfigurationPlatforms) = preSolution
		Debug|Any CPU = Debug|Any CPU
		Release|Any CPU = Release|Any CPU
	EndGlobalSection
	GlobalSection(ProjectConfigurationPlatforms) = postSolution
		{52547C89-823B-46DC-84B1-CEC6D38393D7}.Debug|Any CPU.ActiveCfg = Debug|Any CPU
		{52547C89-823B-46DC-84B1-CEC6D38393D7}.Debug|Any CPU.Build.0 = Debug|Any CPU
		{52547C89-823B-46DC-84B1-CEC6D38393D7}.Release|Any CPU.ActiveCfg = Release|Any CPU
		{52547C89-823B-46DC-84B1-CEC6D38393D7}.Release|Any CPU.Build.0 = Release|Any CPU
		{4E8C689F-27F7-4C79-B40E-29A50624519F}.Debug|Any CPU.ActiveCfg = Debug|Any CPU
		{4E8C689F-27F7-4C79-B40E-29A50624519F}.Debug|Any CPU.Build.0 = Debug|Any CPU
		{4E8C689F-27F7-4C79-B40E-29A50624519F}.Release|Any CPU.ActiveCfg = Release|Any CPU
		{4E8C689F-27F7-4C79-B40E-29A50624519F}.Release|Any CPU.Build.0 = Release|Any CPU
	EndGlobalSection
	GlobalSection(SolutionProperties) = preSolution
		HideSolutionNode = FALSE
	EndGlobalSection
	GlobalSection(ExtensibilityGlobals) = postSolution
		SolutionGuid = {12F9AC96-A171-45FF-AB42-D116354AAC01}
	EndGlobalSection
EndGlobal
